<?xml version="1.0" encoding="utf-8"?>
<Project ToolsVersion="4.0" xmlns="http://schemas.microsoft.com/developer/msbuild/2003">
  <ItemGroup>
    <ClCompile Include="main.cpp" />
    <ClCompile Include="Pad.cpp" />
    <ClCompile Include="Sequence\Parent.cpp" />
    <ClCompile Include="Sequence\Title.cpp" />
    <ClCompile Include="Vector2.cpp" />
    <ClCompile Include="File.cpp" />
    <ClCompile Include="Image.cpp" />
    <ClCompile Include="Matrix23.cpp" />
    <ClCompile Include="StringRenderer.cpp" />
    <ClCompile Include="Sequence\Prologue.cpp" />
    <ClCompile Include="SoundManager.cpp" />
    <ClCompile Include="Sequence\Game\Parent.cpp" />
    <ClCompile Include="Sequence\Game\Ready.cpp" />
    <ClCompile Include="GameState\State.cpp" />
    <ClCompile Include="GameState\DynamicObject.cpp" />
    <ClCompile Include="Sequence\Game\Play.cpp" />
    <ClCompile Include="Sequence\Game\Clear.cpp" />
    <ClCompile Include="Sequence\Game\Failure.cpp" />
    <ClCompile Include="Sequence\GameOver.cpp" />
    <ClCompile Include="Sequence\Ending.cpp" />
  </ItemGroup>
  <ItemGroup>
    <ClInclude Include="Pad.h" />
    <ClInclude Include="Sequence\Parent.h" />
    <ClInclude Include="Sequence\Child.h" />
    <ClInclude Include="Sequence\Title.h" />
    <ClInclude Include="Sequence\Game\Child.h" />
    <ClInclude Include="Vector2.h" />
    <ClInclude Include="File.h" />
    <ClInclude Include="Image.h" />
    <ClInclude Include="Matrix23.h" />
    <ClInclude Include="StringRenderer.h" />
    <ClInclude Include="Sequence\Prologue.h" />
    <ClInclude Include="SoundManager.h" />
    <ClInclude Include="Sequence\Game\Parent.h" />
    <ClInclude Include="Sequence\Game\Ready.h" />
    <ClInclude Include="GameState\State.h" />
    <ClInclude Include="GameState\DynamicObject.h" />
    <ClInclude Include="Sequence\Game\Play.h" />
    <ClInclude Include="Sequence\Game\Clear.h" />
    <ClInclude Include="Sequence\Game\Failure.h" />
    <ClInclude Include="Sequence\GameOver.h" />
    <ClInclude Include="Sequence\Ending.h" />
  </ItemGroup>
</Project>